// !$*UTF8*$!
{
	archiveVersion = 1;
	classes = {
	};
	objectVersion = 51;
	objects = {

/* Begin PBXBuildFile section */
		0D0A2639254A271A00858D07 /* AppDelegate.swift in Sources */ = {isa = PBXBuildFile; fileRef = 0D0A2638254A271A00858D07 /* AppDelegate.swift */; };
		0D0A263B254A271A00858D07 /* SceneDelegate.swift in Sources */ = {isa = PBXBuildFile; fileRef = 0D0A263A254A271A00858D07 /* SceneDelegate.swift */; };
		0D0A2640254A271A00858D07 /* Main.storyboard in Resources */ = {isa = PBXBuildFile; fileRef = 0D0A263E254A271A00858D07 /* Main.storyboard */; };
		0D0A2642254A271E00858D07 /* Assets.xcassets in Resources */ = {isa = PBXBuildFile; fileRef = 0D0A2641254A271E00858D07 /* Assets.xcassets */; };
		0D0A2645254A271E00858D07 /* LaunchScreen.storyboard in Resources */ = {isa = PBXBuildFile; fileRef = 0D0A2643254A271E00858D07 /* LaunchScreen.storyboard */; };
		0D0A2658254A288600858D07 /* HNTableViewController.swift in Sources */ = {isa = PBXBuildFile; fileRef = 0D0A2657254A288600858D07 /* HNTableViewController.swift */; };
		0D0A2661254A2CBA00858D07 /* HNApi.swift in Sources */ = {isa = PBXBuildFile; fileRef = 0D0A2660254A2CBA00858D07 /* HNApi.swift */; };
		0D2FAD7D254ED0050023AFC0 /* TabViewController.swift in Sources */ = {isa = PBXBuildFile; fileRef = 0D2FAD7C254ED0050023AFC0 /* TabViewController.swift */; };
		0D2FAD80254EE31D0023AFC0 /* HNApiLatest.swift in Sources */ = {isa = PBXBuildFile; fileRef = 0D2FAD7F254EE31D0023AFC0 /* HNApiLatest.swift */; };
		0D2FAD83254EE3760023AFC0 /* SearchRequestLatest.swift in Sources */ = {isa = PBXBuildFile; fileRef = 0D2FAD82254EE3760023AFC0 /* SearchRequestLatest.swift */; };
		0D2FAD86254EE57B0023AFC0 /* HNLatestStoryTableViewController.swift in Sources */ = {isa = PBXBuildFile; fileRef = 0D2FAD85254EE57B0023AFC0 /* HNLatestStoryTableViewController.swift */; };
		0D2FAD8A254EFF100023AFC0 /* CommentsViewController.swift in Sources */ = {isa = PBXBuildFile; fileRef = 0D2FAD89254EFF100023AFC0 /* CommentsViewController.swift */; };
		0D62F460254C2B090022558E /* ConcurrentOperation.swift in Sources */ = {isa = PBXBuildFile; fileRef = 0D62F45F254C2B090022558E /* ConcurrentOperation.swift */; };
		0D8B72F3254F61B300A544F3 /* CommentTableViewCell.swift in Sources */ = {isa = PBXBuildFile; fileRef = 0D8B72F1254F61B300A544F3 /* CommentTableViewCell.swift */; };
		0D8B72F4254F61B300A544F3 /* CommentTableViewCell.xib in Resources */ = {isa = PBXBuildFile; fileRef = 0D8B72F2254F61B300A544F3 /* CommentTableViewCell.xib */; };
		0DCD435D254C68BC00A35205 /* HNQueryResult.swift in Sources */ = {isa = PBXBuildFile; fileRef = 0DCD435C254C68BC00A35205 /* HNQueryResult.swift */; };
		0DE38D99255026800040AFAE /* UILabel+HTML.swift in Sources */ = {isa = PBXBuildFile; fileRef = 0DE38D98255026800040AFAE /* UILabel+HTML.swift */; };
		0DE38D9F2550272A0040AFAE /* HNComment.swift in Sources */ = {isa = PBXBuildFile; fileRef = 0DE38D9E2550272A0040AFAE /* HNComment.swift */; };
		0DE38DA2255027740040AFAE /* Constants.swift in Sources */ = {isa = PBXBuildFile; fileRef = 0DE38DA1255027740040AFAE /* Constants.swift */; };
		3C409D697A5AF3DCAD01C528 /* Pods_HackerNews.framework in Frameworks */ = {isa = PBXBuildFile; fileRef = 659D3B7FB843D30A37F1AD2A /* Pods_HackerNews.framework */; };
/* End PBXBuildFile section */

/* Begin PBXFileReference section */
		0D0A2635254A271A00858D07 /* HackerNews.app */ = {isa = PBXFileReference; explicitFileType = wrapper.application; includeInIndex = 0; path = HackerNews.app; sourceTree = BUILT_PRODUCTS_DIR; };
		0D0A2638254A271A00858D07 /* AppDelegate.swift */ = {isa = PBXFileReference; lastKnownFileType = sourcecode.swift; path = AppDelegate.swift; sourceTree = "<group>"; };
		0D0A263A254A271A00858D07 /* SceneDelegate.swift */ = {isa = PBXFileReference; lastKnownFileType = sourcecode.swift; path = SceneDelegate.swift; sourceTree = "<group>"; };
		0D0A263F254A271A00858D07 /* Base */ = {isa = PBXFileReference; lastKnownFileType = file.storyboard; name = Base; path = Base.lproj/Main.storyboard; sourceTree = "<group>"; };
		0D0A2641254A271E00858D07 /* Assets.xcassets */ = {isa = PBXFileReference; lastKnownFileType = folder.assetcatalog; path = Assets.xcassets; sourceTree = "<group>"; };
		0D0A2644254A271E00858D07 /* Base */ = {isa = PBXFileReference; lastKnownFileType = file.storyboard; name = Base; path = Base.lproj/LaunchScreen.storyboard; sourceTree = "<group>"; };
		0D0A2646254A271E00858D07 /* Info.plist */ = {isa = PBXFileReference; lastKnownFileType = text.plist.xml; path = Info.plist; sourceTree = "<group>"; };
		0D0A2657254A288600858D07 /* HNTableViewController.swift */ = {isa = PBXFileReference; lastKnownFileType = sourcecode.swift; path = HNTableViewController.swift; sourceTree = "<group>"; };
		0D0A2660254A2CBA00858D07 /* HNApi.swift */ = {isa = PBXFileReference; lastKnownFileType = sourcecode.swift; path = HNApi.swift; sourceTree = "<group>"; };
		0D2FAD7C254ED0050023AFC0 /* TabViewController.swift */ = {isa = PBXFileReference; lastKnownFileType = sourcecode.swift; path = TabViewController.swift; sourceTree = "<group>"; };
		0D2FAD7F254EE31D0023AFC0 /* HNApiLatest.swift */ = {isa = PBXFileReference; lastKnownFileType = sourcecode.swift; path = HNApiLatest.swift; sourceTree = "<group>"; };
		0D2FAD82254EE3760023AFC0 /* SearchRequestLatest.swift */ = {isa = PBXFileReference; lastKnownFileType = sourcecode.swift; path = SearchRequestLatest.swift; sourceTree = "<group>"; };
		0D2FAD85254EE57B0023AFC0 /* HNLatestStoryTableViewController.swift */ = {isa = PBXFileReference; lastKnownFileType = sourcecode.swift; path = HNLatestStoryTableViewController.swift; sourceTree = "<group>"; };
		0D2FAD89254EFF100023AFC0 /* CommentsViewController.swift */ = {isa = PBXFileReference; lastKnownFileType = sourcecode.swift; path = CommentsViewController.swift; sourceTree = "<group>"; };
		0D62F45F254C2B090022558E /* ConcurrentOperation.swift */ = {isa = PBXFileReference; lastKnownFileType = sourcecode.swift; path = ConcurrentOperation.swift; sourceTree = "<group>"; };
		0D8B72F1254F61B300A544F3 /* CommentTableViewCell.swift */ = {isa = PBXFileReference; lastKnownFileType = sourcecode.swift; path = CommentTableViewCell.swift; sourceTree = "<group>"; };
		0D8B72F2254F61B300A544F3 /* CommentTableViewCell.xib */ = {isa = PBXFileReference; lastKnownFileType = file.xib; path = CommentTableViewCell.xib; sourceTree = "<group>"; };
		0DCD435C254C68BC00A35205 /* HNQueryResult.swift */ = {isa = PBXFileReference; lastKnownFileType = sourcecode.swift; path = HNQueryResult.swift; sourceTree = "<group>"; };
		0DE38D98255026800040AFAE /* UILabel+HTML.swift */ = {isa = PBXFileReference; lastKnownFileType = sourcecode.swift; path = "UILabel+HTML.swift"; sourceTree = "<group>"; };
		0DE38D9E2550272A0040AFAE /* HNComment.swift */ = {isa = PBXFileReference; lastKnownFileType = sourcecode.swift; path = HNComment.swift; sourceTree = "<group>"; };
		0DE38DA1255027740040AFAE /* Constants.swift */ = {isa = PBXFileReference; lastKnownFileType = sourcecode.swift; path = Constants.swift; sourceTree = "<group>"; };
		659D3B7FB843D30A37F1AD2A /* Pods_HackerNews.framework */ = {isa = PBXFileReference; explicitFileType = wrapper.framework; includeInIndex = 0; path = Pods_HackerNews.framework; sourceTree = BUILT_PRODUCTS_DIR; };
		907219D08CB44B97EDAB2A52 /* Pods-HackerNews.debug.xcconfig */ = {isa = PBXFileReference; includeInIndex = 1; lastKnownFileType = text.xcconfig; name = "Pods-HackerNews.debug.xcconfig"; path = "Target Support Files/Pods-HackerNews/Pods-HackerNews.debug.xcconfig"; sourceTree = "<group>"; };
		D058A3826028CD0CEBAC6EC9 /* Pods-HackerNews.release.xcconfig */ = {isa = PBXFileReference; includeInIndex = 1; lastKnownFileType = text.xcconfig; name = "Pods-HackerNews.release.xcconfig"; path = "Target Support Files/Pods-HackerNews/Pods-HackerNews.release.xcconfig"; sourceTree = "<group>"; };
/* End PBXFileReference section */

/* Begin PBXFrameworksBuildPhase section */
		0D0A2632254A271A00858D07 /* Frameworks */ = {
			isa = PBXFrameworksBuildPhase;
			buildActionMask = 2147483647;
			files = (
				3C409D697A5AF3DCAD01C528 /* Pods_HackerNews.framework in Frameworks */,
			);
			runOnlyForDeploymentPostprocessing = 0;
		};
/* End PBXFrameworksBuildPhase section */

/* Begin PBXGroup section */
		0D0A262C254A271A00858D07 = {
			isa = PBXGroup;
			children = (
				0D0A2637254A271A00858D07 /* HackerNews */,
				0D0A2636254A271A00858D07 /* Products */,
				3632AB9EE89A8F4A0F36419F /* Pods */,
				A1A425B7435D36EB7A8702EB /* Frameworks */,
			);
			sourceTree = "<group>";
		};
		0D0A2636254A271A00858D07 /* Products */ = {
			isa = PBXGroup;
			children = (
				0D0A2635254A271A00858D07 /* HackerNews.app */,
			);
			name = Products;
			sourceTree = "<group>";
		};
		0D0A2637254A271A00858D07 /* HackerNews */ = {
			isa = PBXGroup;
			children = (
				0DE38D962550264F0040AFAE /* Extensions */,
				0DCD4359254C511000A35205 /* Application */,
				0D0A264F254A277000858D07 /* Model */,
				0D0A2652254A277D00858D07 /* Views */,
				0D0A2653254A278300858D07 /* Controllers */,
				0D0A2641254A271E00858D07 /* Assets.xcassets */,
			);
			path = HackerNews;
			sourceTree = "<group>";
		};
		0D0A264F254A277000858D07 /* Model */ = {
			isa = PBXGroup;
			children = (
				0DE38DA625502AE60040AFAE /* Abstract */,
				0DE38DA42550278B0040AFAE /* Constants */,
				0DE38D9D2550270C0040AFAE /* HNStructs */,
				0D0A2660254A2CBA00858D07 /* HNApi.swift */,
				0D2FAD7F254EE31D0023AFC0 /* HNApiLatest.swift */,
				0D2FAD82254EE3760023AFC0 /* SearchRequestLatest.swift */,
			);
			path = Model;
			sourceTree = "<group>";
		};
		0D0A2652254A277D00858D07 /* Views */ = {
			isa = PBXGroup;
			children = (
				0D0A263E254A271A00858D07 /* Main.storyboard */,
				0D8B72F2254F61B300A544F3 /* CommentTableViewCell.xib */,
				0D0A2643254A271E00858D07 /* LaunchScreen.storyboard */,
			);
			path = Views;
			sourceTree = "<group>";
		};
		0D0A2653254A278300858D07 /* Controllers */ = {
			isa = PBXGroup;
			children = (
				0D0A2657254A288600858D07 /* HNTableViewController.swift */,
				0D2FAD85254EE57B0023AFC0 /* HNLatestStoryTableViewController.swift */,
				0D2FAD7C254ED0050023AFC0 /* TabViewController.swift */,
				0D2FAD89254EFF100023AFC0 /* CommentsViewController.swift */,
				0D8B72F1254F61B300A544F3 /* CommentTableViewCell.swift */,
			);
			path = Controllers;
			sourceTree = "<group>";
		};
		0DCD4359254C511000A35205 /* Application */ = {
			isa = PBXGroup;
			children = (
				0D0A2638254A271A00858D07 /* AppDelegate.swift */,
				0D0A263A254A271A00858D07 /* SceneDelegate.swift */,
				0D0A2646254A271E00858D07 /* Info.plist */,
			);
			path = Application;
			sourceTree = "<group>";
		};
		0DE38D962550264F0040AFAE /* Extensions */ = {
			isa = PBXGroup;
			children = (
				0DE38D97255026620040AFAE /* UIKit */,
			);
			path = Extensions;
			sourceTree = "<group>";
		};
		0DE38D97255026620040AFAE /* UIKit */ = {
			isa = PBXGroup;
			children = (
				0DE38D98255026800040AFAE /* UILabel+HTML.swift */,
			);
			path = UIKit;
			sourceTree = "<group>";
		};
		0DE38D9D2550270C0040AFAE /* HNStructs */ = {
			isa = PBXGroup;
			children = (
				0DE38D9E2550272A0040AFAE /* HNComment.swift */,
				0DCD435C254C68BC00A35205 /* HNQueryResult.swift */,
			);
			path = HNStructs;
			sourceTree = "<group>";
		};
		0DE38DA42550278B0040AFAE /* Constants */ = {
			isa = PBXGroup;
			children = (
				0DE38DA1255027740040AFAE /* Constants.swift */,
			);
			path = Constants;
			sourceTree = "<group>";
		};
		0DE38DA625502AE60040AFAE /* Abstract */ = {
			isa = PBXGroup;
			children = (
				0D62F45F254C2B090022558E /* ConcurrentOperation.swift */,
			);
			path = Abstract;
			sourceTree = "<group>";
		};
		3632AB9EE89A8F4A0F36419F /* Pods */ = {
			isa = PBXGroup;
			children = (
				907219D08CB44B97EDAB2A52 /* Pods-HackerNews.debug.xcconfig */,
				D058A3826028CD0CEBAC6EC9 /* Pods-HackerNews.release.xcconfig */,
			);
			path = Pods;
			sourceTree = "<group>";
		};
		A1A425B7435D36EB7A8702EB /* Frameworks */ = {
			isa = PBXGroup;
			children = (
				659D3B7FB843D30A37F1AD2A /* Pods_HackerNews.framework */,
			);
			name = Frameworks;
			sourceTree = "<group>";
		};
/* End PBXGroup section */

/* Begin PBXNativeTarget section */
		0D0A2634254A271A00858D07 /* HackerNews */ = {
			isa = PBXNativeTarget;
			buildConfigurationList = 0D0A2649254A271E00858D07 /* Build configuration list for PBXNativeTarget "HackerNews" */;
			buildPhases = (
				450963CE044467E1241C6256 /* [CP] Check Pods Manifest.lock */,
				0D0A2631254A271A00858D07 /* Sources */,
				0D0A2632254A271A00858D07 /* Frameworks */,
				0D0A2633254A271A00858D07 /* Resources */,
				6620018B136A9F3827EF344C /* [CP] Embed Pods Frameworks */,
			);
			buildRules = (
			);
			dependencies = (
			);
			name = HackerNews;
			productName = HackerNews;
			productReference = 0D0A2635254A271A00858D07 /* HackerNews.app */;
			productType = "com.apple.product-type.application";
		};
/* End PBXNativeTarget section */

/* Begin PBXProject section */
		0D0A262D254A271A00858D07 /* Project object */ = {
			isa = PBXProject;
			attributes = {
				LastSwiftUpdateCheck = 1210;
				LastUpgradeCheck = 1210;
				TargetAttributes = {
					0D0A2634254A271A00858D07 = {
						CreatedOnToolsVersion = 12.1;
					};
				};
			};
			buildConfigurationList = 0D0A2630254A271A00858D07 /* Build configuration list for PBXProject "HackerNews" */;
			compatibilityVersion = "Xcode 9.3";
			developmentRegion = en;
			hasScannedForEncodings = 0;
			knownRegions = (
				en,
				Base,
			);
			mainGroup = 0D0A262C254A271A00858D07;
			productRefGroup = 0D0A2636254A271A00858D07 /* Products */;
			projectDirPath = "";
			projectRoot = "";
			targets = (
				0D0A2634254A271A00858D07 /* HackerNews */,
			);
		};
/* End PBXProject section */

/* Begin PBXResourcesBuildPhase section */
		0D0A2633254A271A00858D07 /* Resources */ = {
			isa = PBXResourcesBuildPhase;
			buildActionMask = 2147483647;
			files = (
				0D0A2645254A271E00858D07 /* LaunchScreen.storyboard in Resources */,
				0D0A2642254A271E00858D07 /* Assets.xcassets in Resources */,
				0D0A2640254A271A00858D07 /* Main.storyboard in Resources */,
				0D8B72F4254F61B300A544F3 /* CommentTableViewCell.xib in Resources */,
			);
			runOnlyForDeploymentPostprocessing = 0;
		};
/* End PBXResourcesBuildPhase section */

/* Begin PBXShellScriptBuildPhase section */
		450963CE044467E1241C6256 /* [CP] Check Pods Manifest.lock */ = {
			isa = PBXShellScriptBuildPhase;
			buildActionMask = 2147483647;
			files = (
			);
			inputFileListPaths = (
			);
			inputPaths = (
				"${PODS_PODFILE_DIR_PATH}/Podfile.lock",
				"${PODS_ROOT}/Manifest.lock",
			);
			name = "[CP] Check Pods Manifest.lock";
			outputFileListPaths = (
			);
			outputPaths = (
				"$(DERIVED_FILE_DIR)/Pods-HackerNews-checkManifestLockResult.txt",
			);
			runOnlyForDeploymentPostprocessing = 0;
			shellPath = /bin/sh;
			shellScript = "diff \"${PODS_PODFILE_DIR_PATH}/Podfile.lock\" \"${PODS_ROOT}/Manifest.lock\" > /dev/null\nif [ $? != 0 ] ; then\n    # print error to STDERR\n    echo \"error: The sandbox is not in sync with the Podfile.lock. Run 'pod install' or update your CocoaPods installation.\" >&2\n    exit 1\nfi\n# This output is used by Xcode 'outputs' to avoid re-running this script phase.\necho \"SUCCESS\" > \"${SCRIPT_OUTPUT_FILE_0}\"\n";
			showEnvVarsInLog = 0;
		};
		6620018B136A9F3827EF344C /* [CP] Embed Pods Frameworks */ = {
			isa = PBXShellScriptBuildPhase;
			buildActionMask = 2147483647;
			files = (
			);
			inputFileListPaths = (
				"${PODS_ROOT}/Target Support Files/Pods-HackerNews/Pods-HackerNews-frameworks-${CONFIGURATION}-input-files.xcfilelist",
			);
			name = "[CP] Embed Pods Frameworks";
			outputFileListPaths = (
				"${PODS_ROOT}/Target Support Files/Pods-HackerNews/Pods-HackerNews-frameworks-${CONFIGURATION}-output-files.xcfilelist",
			);
			runOnlyForDeploymentPostprocessing = 0;
			shellPath = /bin/sh;
			shellScript = "\"${PODS_ROOT}/Target Support Files/Pods-HackerNews/Pods-HackerNews-frameworks.sh\"\n";
			showEnvVarsInLog = 0;
		};
/* End PBXShellScriptBuildPhase section */

/* Begin PBXSourcesBuildPhase section */
		0D0A2631254A271A00858D07 /* Sources */ = {
			isa = PBXSourcesBuildPhase;
			buildActionMask = 2147483647;
			files = (
				0D2FAD86254EE57B0023AFC0 /* HNLatestStoryTableViewController.swift in Sources */,
				0D2FAD7D254ED0050023AFC0 /* TabViewController.swift in Sources */,
				0D62F460254C2B090022558E /* ConcurrentOperation.swift in Sources */,
				0D0A2639254A271A00858D07 /* AppDelegate.swift in Sources */,
				0DCD435D254C68BC00A35205 /* HNQueryResult.swift in Sources */,
				0DE38DA2255027740040AFAE /* Constants.swift in Sources */,
				0D0A263B254A271A00858D07 /* SceneDelegate.swift in Sources */,
				0D0A2661254A2CBA00858D07 /* HNApi.swift in Sources */,
				0D8B72F3254F61B300A544F3 /* CommentTableViewCell.swift in Sources */,
				0D2FAD8A254EFF100023AFC0 /* CommentsViewController.swift in Sources */,
				0D2FAD80254EE31D0023AFC0 /* HNApiLatest.swift in Sources */,
				0D2FAD83254EE3760023AFC0 /* SearchRequestLatest.swift in Sources */,
				0DE38D9F2550272A0040AFAE /* HNComment.swift in Sources */,
				0D0A2658254A288600858D07 /* HNTableViewController.swift in Sources */,
				0DE38D99255026800040AFAE /* UILabel+HTML.swift in Sources */,
			);
			runOnlyForDeploymentPostprocessing = 0;
		};
/* End PBXSourcesBuildPhase section */

/* Begin PBXVariantGroup section */
		0D0A263E254A271A00858D07 /* Main.storyboard */ = {
			isa = PBXVariantGroup;
			children = (
				0D0A263F254A271A00858D07 /* Base */,
			);
			name = Main.storyboard;
			sourceTree = "<group>";
		};
		0D0A2643254A271E00858D07 /* LaunchScreen.storyboard */ = {
			isa = PBXVariantGroup;
			children = (
				0D0A2644254A271E00858D07 /* Base */,
			);
			name = LaunchScreen.storyboard;
			sourceTree = "<group>";
		};
/* End PBXVariantGroup section */

/* Begin XCBuildConfiguration section */
		0D0A2647254A271E00858D07 /* Debug */ = {
			isa = XCBuildConfiguration;
			buildSettings = {
				ALWAYS_SEARCH_USER_PATHS = NO;
				CLANG_ANALYZER_NONNULL = YES;
				CLANG_ANALYZER_NUMBER_OBJECT_CONVERSION = YES_AGGRESSIVE;
				CLANG_CXX_LANGUAGE_STANDARD = "gnu++14";
				CLANG_CXX_LIBRARY = "libc++";
				CLANG_ENABLE_MODULES = YES;
				CLANG_ENABLE_OBJC_ARC = YES;
				CLANG_ENABLE_OBJC_WEAK = YES;
				CLANG_WARN_BLOCK_CAPTURE_AUTORELEASING = YES;
				CLANG_WARN_BOOL_CONVERSION = YES;
				CLANG_WARN_COMMA = YES;
				CLANG_WARN_CONSTANT_CONVERSION = YES;
				CLANG_WARN_DEPRECATED_OBJC_IMPLEMENTATIONS = YES;
				CLANG_WARN_DIRECT_OBJC_ISA_USAGE = YES_ERROR;
				CLANG_WARN_DOCUMENTATION_COMMENTS = YES;
				CLANG_WARN_EMPTY_BODY = YES;
				CLANG_WARN_ENUM_CONVERSION = YES;
				CLANG_WARN_INFINITE_RECURSION = YES;
				CLANG_WARN_INT_CONVERSION = YES;
				CLANG_WARN_NON_LITERAL_NULL_CONVERSION = YES;
				CLANG_WARN_OBJC_IMPLICIT_RETAIN_SELF = YES;
				CLANG_WARN_OBJC_LITERAL_CONVERSION = YES;
				CLANG_WARN_OBJC_ROOT_CLASS = YES_ERROR;
				CLANG_WARN_QUOTED_INCLUDE_IN_FRAMEWORK_HEADER = YES;
				CLANG_WARN_RANGE_LOOP_ANALYSIS = YES;
				CLANG_WARN_STRICT_PROTOTYPES = YES;
				CLANG_WARN_SUSPICIOUS_MOVE = YES;
				CLANG_WARN_UNGUARDED_AVAILABILITY = YES_AGGRESSIVE;
				CLANG_WARN_UNREACHABLE_CODE = YES;
				CLANG_WARN__DUPLICATE_METHOD_MATCH = YES;
				COPY_PHASE_STRIP = NO;
				DEBUG_INFORMATION_FORMAT = dwarf;
				ENABLE_STRICT_OBJC_MSGSEND = YES;
				ENABLE_TESTABILITY = YES;
				GCC_C_LANGUAGE_STANDARD = gnu11;
				GCC_DYNAMIC_NO_PIC = NO;
				GCC_NO_COMMON_BLOCKS = YES;
				GCC_OPTIMIZATION_LEVEL = 0;
				GCC_PREPROCESSOR_DEFINITIONS = (
					"DEBUG=1",
					"$(inherited)",
				);
				GCC_WARN_64_TO_32_BIT_CONVERSION = YES;
				GCC_WARN_ABOUT_RETURN_TYPE = YES_ERROR;
				GCC_WARN_UNDECLARED_SELECTOR = YES;
				GCC_WARN_UNINITIALIZED_AUTOS = YES_AGGRESSIVE;
				GCC_WARN_UNUSED_FUNCTION = YES;
				GCC_WARN_UNUSED_VARIABLE = YES;
				IPHONEOS_DEPLOYMENT_TARGET = 14.1;
				MTL_ENABLE_DEBUG_INFO = INCLUDE_SOURCE;
				MTL_FAST_MATH = YES;
				ONLY_ACTIVE_ARCH = YES;
				SDKROOT = iphoneos;
				SWIFT_ACTIVE_COMPILATION_CONDITIONS = DEBUG;
				SWIFT_OPTIMIZATION_LEVEL = "-Onone";
			};
			name = Debug;
		};
		0D0A2648254A271E00858D07 /* Release */ = {
			isa = XCBuildConfiguration;
			buildSettings = {
				ALWAYS_SEARCH_USER_PATHS = NO;
				CLANG_ANALYZER_NONNULL = YES;
				CLANG_ANALYZER_NUMBER_OBJECT_CONVERSION = YES_AGGRESSIVE;
				CLANG_CXX_LANGUAGE_STANDARD = "gnu++14";
				CLANG_CXX_LIBRARY = "libc++";
				CLANG_ENABLE_MODULES = YES;
				CLANG_ENABLE_OBJC_ARC = YES;
				CLANG_ENABLE_OBJC_WEAK = YES;
				CLANG_WARN_BLOCK_CAPTURE_AUTORELEASING = YES;
				CLANG_WARN_BOOL_CONVERSION = YES;
				CLANG_WARN_COMMA = YES;
				CLANG_WARN_CONSTANT_CONVERSION = YES;
				CLANG_WARN_DEPRECATED_OBJC_IMPLEMENTATIONS = YES;
				CLANG_WARN_DIRECT_OBJC_ISA_USAGE = YES_ERROR;
				CLANG_WARN_DOCUMENTATION_COMMENTS = YES;
				CLANG_WARN_EMPTY_BODY = YES;
				CLANG_WARN_ENUM_CONVERSION = YES;
				CLANG_WARN_INFINITE_RECURSION = YES;
				CLANG_WARN_INT_CONVERSION = YES;
				CLANG_WARN_NON_LITERAL_NULL_CONVERSION = YES;
				CLANG_WARN_OBJC_IMPLICIT_RETAIN_SELF = YES;
				CLANG_WARN_OBJC_LITERAL_CONVERSION = YES;
				CLANG_WARN_OBJC_ROOT_CLASS = YES_ERROR;
				CLANG_WARN_QUOTED_INCLUDE_IN_FRAMEWORK_HEADER = YES;
				CLANG_WARN_RANGE_LOOP_ANALYSIS = YES;
				CLANG_WARN_STRICT_PROTOTYPES = YES;
				CLANG_WARN_SUSPICIOUS_MOVE = YES;
				CLANG_WARN_UNGUARDED_AVAILABILITY = YES_AGGRESSIVE;
				CLANG_WARN_UNREACHABLE_CODE = YES;
				CLANG_WARN__DUPLICATE_METHOD_MATCH = YES;
				COPY_PHASE_STRIP = NO;
				DEBUG_INFORMATION_FORMAT = "dwarf-with-dsym";
				ENABLE_NS_ASSERTIONS = NO;
				ENABLE_STRICT_OBJC_MSGSEND = YES;
				GCC_C_LANGUAGE_STANDARD = gnu11;
				GCC_NO_COMMON_BLOCKS = YES;
				GCC_WARN_64_TO_32_BIT_CONVERSION = YES;
				GCC_WARN_ABOUT_RETURN_TYPE = YES_ERROR;
				GCC_WARN_UNDECLARED_SELECTOR = YES;
				GCC_WARN_UNINITIALIZED_AUTOS = YES_AGGRESSIVE;
				GCC_WARN_UNUSED_FUNCTION = YES;
				GCC_WARN_UNUSED_VARIABLE = YES;
				IPHONEOS_DEPLOYMENT_TARGET = 14.1;
				MTL_ENABLE_DEBUG_INFO = NO;
				MTL_FAST_MATH = YES;
				SDKROOT = iphoneos;
				SWIFT_COMPILATION_MODE = wholemodule;
				SWIFT_OPTIMIZATION_LEVEL = "-O";
				VALIDATE_PRODUCT = YES;
			};
			name = Release;
		};
		0D0A264A254A271E00858D07 /* Debug */ = {
			isa = XCBuildConfiguration;
			baseConfigurationReference = 907219D08CB44B97EDAB2A52 /* Pods-HackerNews.debug.xcconfig */;
			buildSettings = {
				ASSETCATALOG_COMPILER_APPICON_NAME = AppIcon;
				ASSETCATALOG_COMPILER_GLOBAL_ACCENT_COLOR_NAME = AccentColor;
				CODE_SIGN_STYLE = Automatic;
				DEVELOPMENT_TEAM = U9BNVUZMW2;
				INFOPLIST_FILE = HackerNews/Application/Info.plist;
				LD_RUNPATH_SEARCH_PATHS = (
					"$(inherited)",
					"@executable_path/Frameworks",
				);
				PRODUCT_BUNDLE_IDENTIFIER = ryd3rr.HackerNews;
				PRODUCT_NAME = "$(TARGET_NAME)";
				SWIFT_VERSION = 5.0;
				TARGETED_DEVICE_FAMILY = 1;
			};
			name = Debug;
		};
		0D0A264B254A271E00858D07 /* Release */ = {
			isa = XCBuildConfiguration;
			baseConfigurationReference = D058A3826028CD0CEBAC6EC9 /* Pods-HackerNews.release.xcconfig */;
			buildSettings = {
				ASSETCATALOG_COMPILER_APPICON_NAME = AppIcon;
				ASSETCATALOG_COMPILER_GLOBAL_ACCENT_COLOR_NAME = AccentColor;
				CODE_SIGN_STYLE = Automatic;
				DEVELOPMENT_TEAM = U9BNVUZMW2;
				INFOPLIST_FILE = HackerNews/Application/Info.plist;
				LD_RUNPATH_SEARCH_PATHS = (
					"$(inherited)",
					"@executable_path/Frameworks",
				);
				PRODUCT_BUNDLE_IDENTIFIER = ryd3rr.HackerNews;
				PRODUCT_NAME = "$(TARGET_NAME)";
				SWIFT_VERSION = 5.0;
				TARGETED_DEVICE_FAMILY = 1;
			};
			name = Release;
		};
/* End XCBuildConfiguration section */

/* Begin XCConfigurationList section */
		0D0A2630254A271A00858D07 /* Build configuration list for PBXProject "HackerNews" */ = {
			isa = XCConfigurationList;
			buildConfigurations = (
				0D0A2647254A271E00858D07 /* Debug */,
				0D0A2648254A271E00858D07 /* Release */,
			);
			defaultConfigurationIsVisible = 0;
			defaultConfigurationName = Release;
		};
		0D0A2649254A271E00858D07 /* Build configuration list for PBXNativeTarget "HackerNews" */ = {
			isa = XCConfigurationList;
			buildConfigurations = (
				0D0A264A254A271E00858D07 /* Debug */,
				0D0A264B254A271E00858D07 /* Release */,
			);
			defaultConfigurationIsVisible = 0;
			defaultConfigurationName = Release;
		};
/* End XCConfigurationList section */
	};
	rootObject = 0D0A262D254A271A00858D07 /* Project object */;
}
